
Microsoft Visual Studio Solution File, Format Version 12.00
# Visual Studio Version 16
VisualStudioVersion = 16.0.30804.86
MinimumVisualStudioVersion = 10.0.40219.1
Project("{FAE04EC0-301F-11D3-BF4B-00C04F79EFBC}") = "CopyPlusPlus", "CopyPlusPlus.csproj", "{0B8D97A2-76CB-490C-A40D-F20559394E41}"
EndProject
Global
	GlobalSection(SolutionConfigurationPlatforms) = preSolution
		Debug|Any CPU = Debug|Any CPU
		Release|Any CPU = Release|Any CPU
	EndGlobalSection
	GlobalSection(ProjectConfigurationPlatforms) = postSolution
		{0B8D97A2-76CB-490C-A40D-F20559394E41}.Debug|Any CPU.ActiveCfg = Debug|Any CPU
		{0B8D97A2-76CB-490C-A40D-F20559394E41}.Debug|Any CPU.Build.0 = Debug|Any CPU
		{0B8D97A2-76CB-490C-A40D-F20559394E41}.Release|Any CPU.ActiveCfg = Release|Any CPU
		{0B8D97A2-76CB-490C-A40D-F20559394E41}.Release|Any CPU.Build.0 = Release|Any CPU
	EndGlobalSection
	GlobalSection(SolutionProperties) = preSolution
		HideSolutionNode = FALSE
	EndGlobalSection
	GlobalSection(ExtensibilityGlobals) = postSolution
		SolutionGuid = {7F241514-D245-47B5-A0BD-2CE3DF205D87}
	EndGlobalSection
EndGlobal
